
Microsoft Visual Studio Solution File, Format Version 12.00
# Visual Studio Version 16
VisualStudioVersion = 16.0.31702.278
MinimumVisualStudioVersion = 10.0.40219.1
Project("{FAE04EC0-301F-11D3-BF4B-00C04F79EFBC}") = "InformationSystemForTCD", "InformationSystemForTCD\InformationSystemForTCD.csproj", "{40F5CD8C-0B89-4684-83A1-5F5DAFDAD91E}"
EndProject
Global
	GlobalSection(SolutionConfigurationPlatforms) = preSolution
		Debug|Any CPU = Debug|Any CPU
		Release|Any CPU = Release|Any CPU
	EndGlobalSection
	GlobalSection(ProjectConfigurationPlatforms) = postSolution
		{40F5CD8C-0B89-4684-83A1-5F5DAFDAD91E}.Debug|Any CPU.ActiveCfg = Debug|Any CPU
		{40F5CD8C-0B89-4684-83A1-5F5DAFDAD91E}.Debug|Any CPU.Build.0 = Debug|Any CPU
		{40F5CD8C-0B89-4684-83A1-5F5DAFDAD91E}.Release|Any CPU.ActiveCfg = Release|Any CPU
		{40F5CD8C-0B89-4684-83A1-5F5DAFDAD91E}.Release|Any CPU.Build.0 = Release|Any CPU
	EndGlobalSection
	GlobalSection(SolutionProperties) = preSolution
		HideSolutionNode = FALSE
	EndGlobalSection
	GlobalSection(ExtensibilityGlobals) = postSolution
		SolutionGuid = {22B4A801-2D0E-461D-AEC5-B0B8169B1464}
	EndGlobalSection
EndGlobal
